
Microsoft Visual Studio Solution File, Format Version 12.00
# Visual Studio Version 16
VisualStudioVersion = 16.0.30804.86
MinimumVisualStudioVersion = 10.0.40219.1
Project("{FAE04EC0-301F-11D3-BF4B-00C04F79EFBC}") = "Sweepstakes", "Sweepstakes\Sweepstakes.csproj", "{8069CB96-B4EC-43D7-A79E-0FA4E6924C01}"
EndProject
Global
	GlobalSection(SolutionConfigurationPlatforms) = preSolution
		Debug|Any CPU = Debug|Any CPU
		Release|Any CPU = Release|Any CPU
	EndGlobalSection
	GlobalSection(ProjectConfigurationPlatforms) = postSolution
		{8069CB96-B4EC-43D7-A79E-0FA4E6924C01}.Debug|Any CPU.ActiveCfg = Debug|Any CPU
		{8069CB96-B4EC-43D7-A79E-0FA4E6924C01}.Debug|Any CPU.Build.0 = Debug|Any CPU
		{8069CB96-B4EC-43D7-A79E-0FA4E6924C01}.Release|Any CPU.ActiveCfg = Release|Any CPU
		{8069CB96-B4EC-43D7-A79E-0FA4E6924C01}.Release|Any CPU.Build.0 = Release|Any CPU
	EndGlobalSection
	GlobalSection(SolutionProperties) = preSolution
		HideSolutionNode = FALSE
	EndGlobalSection
	GlobalSection(ExtensibilityGlobals) = postSolution
		SolutionGuid = {7F4B26A4-A330-4076-AEED-A1207AE42DD5}
	EndGlobalSection
EndGlobal
